// !$*UTF8*$!
{
	archiveVersion = 1;
	classes = {
	};
	objectVersion = 48;
	objects = {

/* Begin PBXBuildFile section */
		610F34BD1F89A6DC003DACB8 /* Rank.swift in Sources */ = {isa = PBXBuildFile; fileRef = 610F34BC1F89A6DC003DACB8 /* Rank.swift */; };
		611C3D211F897BC900C7370C /* MyParticle.sks in Resources */ = {isa = PBXBuildFile; fileRef = 611C3D201F897BC900C7370C /* MyParticle.sks */; };
		6122431A1F884E8F00B09165 /* Frases.txt in Resources */ = {isa = PBXBuildFile; fileRef = 612243181F884E8500B09165 /* Frases.txt */; };
		6122431B1F884E9200B09165 /* Texto2.txt in Resources */ = {isa = PBXBuildFile; fileRef = 612243191F884E8500B09165 /* Texto2.txt */; };
		6122431D1F8851C400B09165 /* textos.txt in Resources */ = {isa = PBXBuildFile; fileRef = 6122431C1F8851C100B09165 /* textos.txt */; };
		6149B9CB1F8457C6003DC6A7 /* OrtograficTagger.swift in Sources */ = {isa = PBXBuildFile; fileRef = 6149B9CA1F8457C6003DC6A7 /* OrtograficTagger.swift */; };
		618207741F8446EF00D2BA9C /* AppDelegate.swift in Sources */ = {isa = PBXBuildFile; fileRef = 618207731F8446EF00D2BA9C /* AppDelegate.swift */; };
		618207761F8446EF00D2BA9C /* ViewController.swift in Sources */ = {isa = PBXBuildFile; fileRef = 618207751F8446EF00D2BA9C /* ViewController.swift */; };
		618207791F8446EF00D2BA9C /* Main.storyboard in Resources */ = {isa = PBXBuildFile; fileRef = 618207771F8446EF00D2BA9C /* Main.storyboard */; };
		6182077B1F8446EF00D2BA9C /* Assets.xcassets in Resources */ = {isa = PBXBuildFile; fileRef = 6182077A1F8446EF00D2BA9C /* Assets.xcassets */; };
		6182077E1F8446EF00D2BA9C /* LaunchScreen.storyboard in Resources */ = {isa = PBXBuildFile; fileRef = 6182077C1F8446EF00D2BA9C /* LaunchScreen.storyboard */; };
		618207891F8446EF00D2BA9C /* GramaticaTests.swift in Sources */ = {isa = PBXBuildFile; fileRef = 618207881F8446EF00D2BA9C /* GramaticaTests.swift */; };
		618207941F8446F000D2BA9C /* GramaticaUITests.swift in Sources */ = {isa = PBXBuildFile; fileRef = 618207931F8446F000D2BA9C /* GramaticaUITests.swift */; };
		618207A41F8453FD00D2BA9C /* SentencesViewC.swift in Sources */ = {isa = PBXBuildFile; fileRef = 618207A31F8453FD00D2BA9C /* SentencesViewC.swift */; };
		6197DD461F882572001393A9 /* Libro1.txt in Resources */ = {isa = PBXBuildFile; fileRef = 6197DD451F882129001393A9 /* Libro1.txt */; };
		6198ABA01F90F4210019980F /* StudentsSelectionViewC.swift in Sources */ = {isa = PBXBuildFile; fileRef = 6198AB9F1F90F4210019980F /* StudentsSelectionViewC.swift */; };
		61A561921F8A7B0D00685D4F /* RankTypeTableViewCell.swift in Sources */ = {isa = PBXBuildFile; fileRef = 61A561911F8A7B0D00685D4F /* RankTypeTableViewCell.swift */; };
		61A561941F8A890300685D4F /* StudentsTableViewCell.swift in Sources */ = {isa = PBXBuildFile; fileRef = 61A561931F8A890300685D4F /* StudentsTableViewCell.swift */; };
		61D2DB1A1F8581A900D7C4B3 /* KDCircularProgress.swift in Sources */ = {isa = PBXBuildFile; fileRef = 61D2DB191F8581A900D7C4B3 /* KDCircularProgress.swift */; };
		61D2DB1C1F85A3B200D7C4B3 /* Student.swift in Sources */ = {isa = PBXBuildFile; fileRef = 61D2DB1B1F85A3B200D7C4B3 /* Student.swift */; };
		61D2DB1E1F85A45800D7C4B3 /* Level.swift in Sources */ = {isa = PBXBuildFile; fileRef = 61D2DB1D1F85A45800D7C4B3 /* Level.swift */; };
		61D448861F8D7C79002F93AC /* Player+CoreDataClass.swift in Sources */ = {isa = PBXBuildFile; fileRef = 61D448841F8D7C79002F93AC /* Player+CoreDataClass.swift */; };
		61D448871F8D7C79002F93AC /* Player+CoreDataProperties.swift in Sources */ = {isa = PBXBuildFile; fileRef = 61D448851F8D7C79002F93AC /* Player+CoreDataProperties.swift */; };
		61D4488A1F8D7D7C002F93AC /* Progres+CoreDataClass.swift in Sources */ = {isa = PBXBuildFile; fileRef = 61D448881F8D7D7C002F93AC /* Progres+CoreDataClass.swift */; };
		61D4488B1F8D7D7C002F93AC /* Progres+CoreDataProperties.swift in Sources */ = {isa = PBXBuildFile; fileRef = 61D448891F8D7D7C002F93AC /* Progres+CoreDataProperties.swift */; };
		61EF76341F8D65610069EDF5 /* Gramatic.xcdatamodeld in Sources */ = {isa = PBXBuildFile; fileRef = 61EF76321F8D65610069EDF5 /* Gramatic.xcdatamodeld */; };
		61FDDB291F8A6BE700C0D986 /* StudentMenuViewC.swift in Sources */ = {isa = PBXBuildFile; fileRef = 61FDDB281F8A6BE700C0D986 /* StudentMenuViewC.swift */; };
/* End PBXBuildFile section */

/* Begin PBXContainerItemProxy section */
		618207851F8446EF00D2BA9C /* PBXContainerItemProxy */ = {
			isa = PBXContainerItemProxy;
			containerPortal = 618207681F8446EF00D2BA9C /* Project object */;
			proxyType = 1;
			remoteGlobalIDString = 6182076F1F8446EF00D2BA9C;
			remoteInfo = Gramatica;
		};
		618207901F8446F000D2BA9C /* PBXContainerItemProxy */ = {
			isa = PBXContainerItemProxy;
			containerPortal = 618207681F8446EF00D2BA9C /* Project object */;
			proxyType = 1;
			remoteGlobalIDString = 6182076F1F8446EF00D2BA9C;
			remoteInfo = Gramatica;
		};
/* End PBXContainerItemProxy section */

/* Begin PBXFileReference section */
		610F34BC1F89A6DC003DACB8 /* Rank.swift */ = {isa = PBXFileReference; lastKnownFileType = sourcecode.swift; path = Rank.swift; sourceTree = "<group>"; };
		611C3D201F897BC900C7370C /* MyParticle.sks */ = {isa = PBXFileReference; lastKnownFileType = file.sks; path = MyParticle.sks; sourceTree = "<group>"; };
		612243181F884E8500B09165 /* Frases.txt */ = {isa = PBXFileReference; lastKnownFileType = text; path = Frases.txt; sourceTree = "<group>"; };
		612243191F884E8500B09165 /* Texto2.txt */ = {isa = PBXFileReference; lastKnownFileType = text; path = Texto2.txt; sourceTree = "<group>"; };
		6122431C1F8851C100B09165 /* textos.txt */ = {isa = PBXFileReference; lastKnownFileType = text; path = textos.txt; sourceTree = "<group>"; };
		6149B9CA1F8457C6003DC6A7 /* OrtograficTagger.swift */ = {isa = PBXFileReference; lastKnownFileType = sourcecode.swift; path = OrtograficTagger.swift; sourceTree = "<group>"; };
		618207701F8446EF00D2BA9C /* Gramatica.app */ = {isa = PBXFileReference; explicitFileType = wrapper.application; includeInIndex = 0; path = Gramatica.app; sourceTree = BUILT_PRODUCTS_DIR; };
		618207731F8446EF00D2BA9C /* AppDelegate.swift */ = {isa = PBXFileReference; lastKnownFileType = sourcecode.swift; path = AppDelegate.swift; sourceTree = "<group>"; };
		618207751F8446EF00D2BA9C /* ViewController.swift */ = {isa = PBXFileReference; lastKnownFileType = sourcecode.swift; path = ViewController.swift; sourceTree = "<group>"; };
		618207781F8446EF00D2BA9C /* Base */ = {isa = PBXFileReference; lastKnownFileType = file.storyboard; name = Base; path = Base.lproj/Main.storyboard; sourceTree = "<group>"; };
		6182077A1F8446EF00D2BA9C /* Assets.xcassets */ = {isa = PBXFileReference; lastKnownFileType = folder.assetcatalog; path = Assets.xcassets; sourceTree = "<group>"; };
		6182077D1F8446EF00D2BA9C /* Base */ = {isa = PBXFileReference; lastKnownFileType = file.storyboard; name = Base; path = Base.lproj/LaunchScreen.storyboard; sourceTree = "<group>"; };
		6182077F1F8446EF00D2BA9C /* Info.plist */ = {isa = PBXFileReference; lastKnownFileType = text.plist.xml; path = Info.plist; sourceTree = "<group>"; };
		618207841F8446EF00D2BA9C /* GramaticaTests.xctest */ = {isa = PBXFileReference; explicitFileType = wrapper.cfbundle; includeInIndex = 0; path = GramaticaTests.xctest; sourceTree = BUILT_PRODUCTS_DIR; };
		618207881F8446EF00D2BA9C /* GramaticaTests.swift */ = {isa = PBXFileReference; lastKnownFileType = sourcecode.swift; path = GramaticaTests.swift; sourceTree = "<group>"; };
		6182078A1F8446F000D2BA9C /* Info.plist */ = {isa = PBXFileReference; lastKnownFileType = text.plist.xml; path = Info.plist; sourceTree = "<group>"; };
		6182078F1F8446F000D2BA9C /* GramaticaUITests.xctest */ = {isa = PBXFileReference; explicitFileType = wrapper.cfbundle; includeInIndex = 0; path = GramaticaUITests.xctest; sourceTree = BUILT_PRODUCTS_DIR; };
		618207931F8446F000D2BA9C /* GramaticaUITests.swift */ = {isa = PBXFileReference; lastKnownFileType = sourcecode.swift; path = GramaticaUITests.swift; sourceTree = "<group>"; };
		618207951F8446F000D2BA9C /* Info.plist */ = {isa = PBXFileReference; lastKnownFileType = text.plist.xml; path = Info.plist; sourceTree = "<group>"; };
		618207A31F8453FD00D2BA9C /* SentencesViewC.swift */ = {isa = PBXFileReference; lastKnownFileType = sourcecode.swift; path = SentencesViewC.swift; sourceTree = "<group>"; };
		6197DD451F882129001393A9 /* Libro1.txt */ = {isa = PBXFileReference; lastKnownFileType = text; path = Libro1.txt; sourceTree = "<group>"; };
		6198AB9F1F90F4210019980F /* StudentsSelectionViewC.swift */ = {isa = PBXFileReference; lastKnownFileType = sourcecode.swift; path = StudentsSelectionViewC.swift; sourceTree = "<group>"; };
		61A561911F8A7B0D00685D4F /* RankTypeTableViewCell.swift */ = {isa = PBXFileReference; lastKnownFileType = sourcecode.swift; path = RankTypeTableViewCell.swift; sourceTree = "<group>"; };
		61A561931F8A890300685D4F /* StudentsTableViewCell.swift */ = {isa = PBXFileReference; lastKnownFileType = sourcecode.swift; path = StudentsTableViewCell.swift; sourceTree = "<group>"; };
		61D2DB171F85681F00D7C4B3 /* es */ = {isa = PBXFileReference; lastKnownFileType = text.plist.strings; name = es; path = es.lproj/Main.strings; sourceTree = "<group>"; };
		61D2DB181F85681F00D7C4B3 /* es */ = {isa = PBXFileReference; lastKnownFileType = text.plist.strings; name = es; path = es.lproj/LaunchScreen.strings; sourceTree = "<group>"; };
		61D2DB191F8581A900D7C4B3 /* KDCircularProgress.swift */ = {isa = PBXFileReference; lastKnownFileType = sourcecode.swift; path = KDCircularProgress.swift; sourceTree = "<group>"; };
		61D2DB1B1F85A3B200D7C4B3 /* Student.swift */ = {isa = PBXFileReference; lastKnownFileType = sourcecode.swift; path = Student.swift; sourceTree = "<group>"; };
		61D2DB1D1F85A45800D7C4B3 /* Level.swift */ = {isa = PBXFileReference; lastKnownFileType = sourcecode.swift; path = Level.swift; sourceTree = "<group>"; };
		61D448841F8D7C79002F93AC /* Player+CoreDataClass.swift */ = {isa = PBXFileReference; lastKnownFileType = sourcecode.swift; path = "Player+CoreDataClass.swift"; sourceTree = "<group>"; };
		61D448851F8D7C79002F93AC /* Player+CoreDataProperties.swift */ = {isa = PBXFileReference; lastKnownFileType = sourcecode.swift; path = "Player+CoreDataProperties.swift"; sourceTree = "<group>"; };
		61D448881F8D7D7C002F93AC /* Progres+CoreDataClass.swift */ = {isa = PBXFileReference; lastKnownFileType = sourcecode.swift; path = "Progres+CoreDataClass.swift"; sourceTree = "<group>"; };
		61D448891F8D7D7C002F93AC /* Progres+CoreDataProperties.swift */ = {isa = PBXFileReference; lastKnownFileType = sourcecode.swift; path = "Progres+CoreDataProperties.swift"; sourceTree = "<group>"; };
		61EF76331F8D65610069EDF5 /* Gramatic.xcdatamodel */ = {isa = PBXFileReference; lastKnownFileType = wrapper.xcdatamodel; path = Gramatic.xcdatamodel; sourceTree = "<group>"; };
		61FDDB281F8A6BE700C0D986 /* StudentMenuViewC.swift */ = {isa = PBXFileReference; lastKnownFileType = sourcecode.swift; path = StudentMenuViewC.swift; sourceTree = "<group>"; };
/* End PBXFileReference section */

/* Begin PBXFrameworksBuildPhase section */
		6182076D1F8446EF00D2BA9C /* Frameworks */ = {
			isa = PBXFrameworksBuildPhase;
			buildActionMask = 2147483647;
			files = (
			);
			runOnlyForDeploymentPostprocessing = 0;
		};
		618207811F8446EF00D2BA9C /* Frameworks */ = {
			isa = PBXFrameworksBuildPhase;
			buildActionMask = 2147483647;
			files = (
			);
			runOnlyForDeploymentPostprocessing = 0;
		};
		6182078C1F8446F000D2BA9C /* Frameworks */ = {
			isa = PBXFrameworksBuildPhase;
			buildActionMask = 2147483647;
			files = (
			);
			runOnlyForDeploymentPostprocessing = 0;
		};
/* End PBXFrameworksBuildPhase section */

/* Begin PBXGroup section */
		618207671F8446EF00D2BA9C = {
			isa = PBXGroup;
			children = (
				61D448881F8D7D7C002F93AC /* Progres+CoreDataClass.swift */,
				61D448891F8D7D7C002F93AC /* Progres+CoreDataProperties.swift */,
				61D448841F8D7C79002F93AC /* Player+CoreDataClass.swift */,
				61D448851F8D7C79002F93AC /* Player+CoreDataProperties.swift */,
				6122431C1F8851C100B09165 /* textos.txt */,
				6197DD451F882129001393A9 /* Libro1.txt */,
				612243181F884E8500B09165 /* Frases.txt */,
				612243191F884E8500B09165 /* Texto2.txt */,
				618207721F8446EF00D2BA9C /* Gramatica */,
				618207871F8446EF00D2BA9C /* GramaticaTests */,
				618207921F8446F000D2BA9C /* GramaticaUITests */,
				618207711F8446EF00D2BA9C /* Products */,
			);
			sourceTree = "<group>";
		};
		618207711F8446EF00D2BA9C /* Products */ = {
			isa = PBXGroup;
			children = (
				618207701F8446EF00D2BA9C /* Gramatica.app */,
				618207841F8446EF00D2BA9C /* GramaticaTests.xctest */,
				6182078F1F8446F000D2BA9C /* GramaticaUITests.xctest */,
			);
			name = Products;
			sourceTree = "<group>";
		};
		618207721F8446EF00D2BA9C /* Gramatica */ = {
			isa = PBXGroup;
			children = (
				618207731F8446EF00D2BA9C /* AppDelegate.swift */,
				6198AB9F1F90F4210019980F /* StudentsSelectionViewC.swift */,
				61FDDB281F8A6BE700C0D986 /* StudentMenuViewC.swift */,
				618207A31F8453FD00D2BA9C /* SentencesViewC.swift */,
				6149B9CA1F8457C6003DC6A7 /* OrtograficTagger.swift */,
				618207751F8446EF00D2BA9C /* ViewController.swift */,
				61D2DB191F8581A900D7C4B3 /* KDCircularProgress.swift */,
				618207771F8446EF00D2BA9C /* Main.storyboard */,
				6182077A1F8446EF00D2BA9C /* Assets.xcassets */,
				6182077C1F8446EF00D2BA9C /* LaunchScreen.storyboard */,
				6182077F1F8446EF00D2BA9C /* Info.plist */,
				61D2DB1B1F85A3B200D7C4B3 /* Student.swift */,
				61D2DB1D1F85A45800D7C4B3 /* Level.swift */,
				611C3D201F897BC900C7370C /* MyParticle.sks */,
				610F34BC1F89A6DC003DACB8 /* Rank.swift */,
				61A561911F8A7B0D00685D4F /* RankTypeTableViewCell.swift */,
				61A561931F8A890300685D4F /* StudentsTableViewCell.swift */,
				61EF76321F8D65610069EDF5 /* Gramatic.xcdatamodeld */,
			);
			path = Gramatica;
			sourceTree = "<group>";
		};
		618207871F8446EF00D2BA9C /* GramaticaTests */ = {
			isa = PBXGroup;
			children = (
				618207881F8446EF00D2BA9C /* GramaticaTests.swift */,
				6182078A1F8446F000D2BA9C /* Info.plist */,
			);
			path = GramaticaTests;
			sourceTree = "<group>";
		};
		618207921F8446F000D2BA9C /* GramaticaUITests */ = {
			isa = PBXGroup;
			children = (
				618207931F8446F000D2BA9C /* GramaticaUITests.swift */,
				618207951F8446F000D2BA9C /* Info.plist */,
			);
			path = GramaticaUITests;
			sourceTree = "<group>";
		};
/* End PBXGroup section */

/* Begin PBXNativeTarget section */
		6182076F1F8446EF00D2BA9C /* Gramatica */ = {
			isa = PBXNativeTarget;
			buildConfigurationList = 618207981F8446F000D2BA9C /* Build configuration list for PBXNativeTarget "Gramatica" */;
			buildPhases = (
				6182076C1F8446EF00D2BA9C /* Sources */,
				6182076D1F8446EF00D2BA9C /* Frameworks */,
				6182076E1F8446EF00D2BA9C /* Resources */,
			);
			buildRules = (
			);
			dependencies = (
			);
			name = Gramatica;
			productName = Gramatica;
			productReference = 618207701F8446EF00D2BA9C /* Gramatica.app */;
			productType = "com.apple.product-type.application";
		};
		618207831F8446EF00D2BA9C /* GramaticaTests */ = {
			isa = PBXNativeTarget;
			buildConfigurationList = 6182079B1F8446F000D2BA9C /* Build configuration list for PBXNativeTarget "GramaticaTests" */;
			buildPhases = (
				618207801F8446EF00D2BA9C /* Sources */,
				618207811F8446EF00D2BA9C /* Frameworks */,
				618207821F8446EF00D2BA9C /* Resources */,
			);
			buildRules = (
			);
			dependencies = (
				618207861F8446EF00D2BA9C /* PBXTargetDependency */,
			);
			name = GramaticaTests;
			productName = GramaticaTests;
			productReference = 618207841F8446EF00D2BA9C /* GramaticaTests.xctest */;
			productType = "com.apple.product-type.bundle.unit-test";
		};
		6182078E1F8446F000D2BA9C /* GramaticaUITests */ = {
			isa = PBXNativeTarget;
			buildConfigurationList = 6182079E1F8446F000D2BA9C /* Build configuration list for PBXNativeTarget "GramaticaUITests" */;
			buildPhases = (
				6182078B1F8446F000D2BA9C /* Sources */,
				6182078C1F8446F000D2BA9C /* Frameworks */,
				6182078D1F8446F000D2BA9C /* Resources */,
			);
			buildRules = (
			);
			dependencies = (
				618207911F8446F000D2BA9C /* PBXTargetDependency */,
			);
			name = GramaticaUITests;
			productName = GramaticaUITests;
			productReference = 6182078F1F8446F000D2BA9C /* GramaticaUITests.xctest */;
			productType = "com.apple.product-type.bundle.ui-testing";
		};
/* End PBXNativeTarget section */

/* Begin PBXProject section */
		618207681F8446EF00D2BA9C /* Project object */ = {
			isa = PBXProject;
			attributes = {
				LastSwiftUpdateCheck = 0900;
				LastUpgradeCheck = 0900;
				ORGANIZATIONNAME = Kurushetra;
				TargetAttributes = {
					6182076F1F8446EF00D2BA9C = {
						CreatedOnToolsVersion = 9.0;
						ProvisioningStyle = Automatic;
					};
					618207831F8446EF00D2BA9C = {
						CreatedOnToolsVersion = 9.0;
						ProvisioningStyle = Automatic;
						TestTargetID = 6182076F1F8446EF00D2BA9C;
					};
					6182078E1F8446F000D2BA9C = {
						CreatedOnToolsVersion = 9.0;
						ProvisioningStyle = Automatic;
						TestTargetID = 6182076F1F8446EF00D2BA9C;
					};
				};
			};
			buildConfigurationList = 6182076B1F8446EF00D2BA9C /* Build configuration list for PBXProject "Gramatica" */;
			compatibilityVersion = "Xcode 8.0";
			developmentRegion = en;
			hasScannedForEncodings = 0;
			knownRegions = (
				en,
				Base,
			);
			mainGroup = 618207671F8446EF00D2BA9C;
			productRefGroup = 618207711F8446EF00D2BA9C /* Products */;
			projectDirPath = "";
			projectRoot = "";
			targets = (
				6182076F1F8446EF00D2BA9C /* Gramatica */,
				618207831F8446EF00D2BA9C /* GramaticaTests */,
				6182078E1F8446F000D2BA9C /* GramaticaUITests */,
			);
		};
/* End PBXProject section */

/* Begin PBXResourcesBuildPhase section */
		6182076E1F8446EF00D2BA9C /* Resources */ = {
			isa = PBXResourcesBuildPhase;
			buildActionMask = 2147483647;
			files = (
				6122431A1F884E8F00B09165 /* Frases.txt in Resources */,
				6182077E1F8446EF00D2BA9C /* LaunchScreen.storyboard in Resources */,
				6122431B1F884E9200B09165 /* Texto2.txt in Resources */,
				6122431D1F8851C400B09165 /* textos.txt in Resources */,
				6197DD461F882572001393A9 /* Libro1.txt in Resources */,
				6182077B1F8446EF00D2BA9C /* Assets.xcassets in Resources */,
				618207791F8446EF00D2BA9C /* Main.storyboard in Resources */,
				611C3D211F897BC900C7370C /* MyParticle.sks in Resources */,
			);
			runOnlyForDeploymentPostprocessing = 0;
		};
		618207821F8446EF00D2BA9C /* Resources */ = {
			isa = PBXResourcesBuildPhase;
			buildActionMask = 2147483647;
			files = (
			);
			runOnlyForDeploymentPostprocessing = 0;
		};
		6182078D1F8446F000D2BA9C /* Resources */ = {
			isa = PBXResourcesBuildPhase;
			buildActionMask = 2147483647;
			files = (
			);
			runOnlyForDeploymentPostprocessing = 0;
		};
/* End PBXResourcesBuildPhase section */

/* Begin PBXSourcesBuildPhase section */
		6182076C1F8446EF00D2BA9C /* Sources */ = {
			isa = PBXSourcesBuildPhase;
			buildActionMask = 2147483647;
			files = (
				61D4488B1F8D7D7C002F93AC /* Progres+CoreDataProperties.swift in Sources */,
				618207761F8446EF00D2BA9C /* ViewController.swift in Sources */,
				61EF76341F8D65610069EDF5 /* Gramatic.xcdatamodeld in Sources */,
				61D2DB1E1F85A45800D7C4B3 /* Level.swift in Sources */,
				61D448861F8D7C79002F93AC /* Player+CoreDataClass.swift in Sources */,
				61D4488A1F8D7D7C002F93AC /* Progres+CoreDataClass.swift in Sources */,
				61D2DB1C1F85A3B200D7C4B3 /* Student.swift in Sources */,
				61D2DB1A1F8581A900D7C4B3 /* KDCircularProgress.swift in Sources */,
				618207741F8446EF00D2BA9C /* AppDelegate.swift in Sources */,
				6198ABA01F90F4210019980F /* StudentsSelectionViewC.swift in Sources */,
				61A561921F8A7B0D00685D4F /* RankTypeTableViewCell.swift in Sources */,
				610F34BD1F89A6DC003DACB8 /* Rank.swift in Sources */,
				618207A41F8453FD00D2BA9C /* SentencesViewC.swift in Sources */,
				61D448871F8D7C79002F93AC /* Player+CoreDataProperties.swift in Sources */,
				6149B9CB1F8457C6003DC6A7 /* OrtograficTagger.swift in Sources */,
				61FDDB291F8A6BE700C0D986 /* StudentMenuViewC.swift in Sources */,
				61A561941F8A890300685D4F /* StudentsTableViewCell.swift in Sources */,
			);
			runOnlyForDeploymentPostprocessing = 0;
		};
		618207801F8446EF00D2BA9C /* Sources */ = {
			isa = PBXSourcesBuildPhase;
			buildActionMask = 2147483647;
			files = (
				618207891F8446EF00D2BA9C /* GramaticaTests.swift in Sources */,
			);
			runOnlyForDeploymentPostprocessing = 0;
		};
		6182078B1F8446F000D2BA9C /* Sources */ = {
			isa = PBXSourcesBuildPhase;
			buildActionMask = 2147483647;
			files = (
				618207941F8446F000D2BA9C /* GramaticaUITests.swift in Sources */,
			);
			runOnlyForDeploymentPostprocessing = 0;
		};
/* End PBXSourcesBuildPhase section */

/* Begin PBXTargetDependency section */
		618207861F8446EF00D2BA9C /* PBXTargetDependency */ = {
			isa = PBXTargetDependency;
			target = 6182076F1F8446EF00D2BA9C /* Gramatica */;
			targetProxy = 618207851F8446EF00D2BA9C /* PBXContainerItemProxy */;
		};
		618207911F8446F000D2BA9C /* PBXTargetDependency */ = {
			isa = PBXTargetDependency;
			target = 6182076F1F8446EF00D2BA9C /* Gramatica */;
			targetProxy = 618207901F8446F000D2BA9C /* PBXContainerItemProxy */;
		};
/* End PBXTargetDependency section */

/* Begin PBXVariantGroup section */
		618207771F8446EF00D2BA9C /* Main.storyboard */ = {
			isa = PBXVariantGroup;
			children = (
				618207781F8446EF00D2BA9C /* Base */,
				61D2DB171F85681F00D7C4B3 /* es */,
			);
			name = Main.storyboard;
			sourceTree = "<group>";
		};
		6182077C1F8446EF00D2BA9C /* LaunchScreen.storyboard */ = {
			isa = PBXVariantGroup;
			children = (
				6182077D1F8446EF00D2BA9C /* Base */,
				61D2DB181F85681F00D7C4B3 /* es */,
			);
			name = LaunchScreen.storyboard;
			sourceTree = "<group>";
		};
/* End PBXVariantGroup section */

/* Begin XCBuildConfiguration section */
		618207961F8446F000D2BA9C /* Debug */ = {
			isa = XCBuildConfiguration;
			buildSettings = {
				ALWAYS_SEARCH_USER_PATHS = NO;
				CLANG_ANALYZER_LOCALIZABILITY_NONLOCALIZED = YES;
				CLANG_ANALYZER_NONNULL = YES;
				CLANG_ANALYZER_NUMBER_OBJECT_CONVERSION = YES_AGGRESSIVE;
				CLANG_CXX_LANGUAGE_STANDARD = "gnu++14";
				CLANG_CXX_LIBRARY = "libc++";
				CLANG_ENABLE_MODULES = YES;
				CLANG_ENABLE_OBJC_ARC = YES;
				CLANG_WARN_BLOCK_CAPTURE_AUTORELEASING = YES;
				CLANG_WARN_BOOL_CONVERSION = YES;
				CLANG_WARN_COMMA = YES;
				CLANG_WARN_CONSTANT_CONVERSION = YES;
				CLANG_WARN_DIRECT_OBJC_ISA_USAGE = YES_ERROR;
				CLANG_WARN_DOCUMENTATION_COMMENTS = YES;
				CLANG_WARN_EMPTY_BODY = YES;
				CLANG_WARN_ENUM_CONVERSION = YES;
				CLANG_WARN_INFINITE_RECURSION = YES;
				CLANG_WARN_INT_CONVERSION = YES;
				CLANG_WARN_NON_LITERAL_NULL_CONVERSION = YES;
				CLANG_WARN_OBJC_LITERAL_CONVERSION = YES;
				CLANG_WARN_OBJC_ROOT_CLASS = YES_ERROR;
				CLANG_WARN_RANGE_LOOP_ANALYSIS = YES;
				CLANG_WARN_STRICT_PROTOTYPES = YES;
				CLANG_WARN_SUSPICIOUS_MOVE = YES;
				CLANG_WARN_UNGUARDED_AVAILABILITY = YES_AGGRESSIVE;
				CLANG_WARN_UNREACHABLE_CODE = YES;
				CLANG_WARN__DUPLICATE_METHOD_MATCH = YES;
				CODE_SIGN_IDENTITY = "iPhone Developer";
				COPY_PHASE_STRIP = NO;
				DEBUG_INFORMATION_FORMAT = dwarf;
				ENABLE_STRICT_OBJC_MSGSEND = YES;
				ENABLE_TESTABILITY = YES;
				GCC_C_LANGUAGE_STANDARD = gnu11;
				GCC_DYNAMIC_NO_PIC = NO;
				GCC_NO_COMMON_BLOCKS = YES;
				GCC_OPTIMIZATION_LEVEL = 0;
				GCC_PREPROCESSOR_DEFINITIONS = (
					"DEBUG=1",
					"$(inherited)",
				);
				GCC_WARN_64_TO_32_BIT_CONVERSION = YES;
				GCC_WARN_ABOUT_RETURN_TYPE = YES_ERROR;
				GCC_WARN_UNDECLARED_SELECTOR = YES;
				GCC_WARN_UNINITIALIZED_AUTOS = YES_AGGRESSIVE;
				GCC_WARN_UNUSED_FUNCTION = YES;
				GCC_WARN_UNUSED_VARIABLE = YES;
				IPHONEOS_DEPLOYMENT_TARGET = 11.0;
				MTL_ENABLE_DEBUG_INFO = YES;
				ONLY_ACTIVE_ARCH = YES;
				SDKROOT = iphoneos;
				SWIFT_ACTIVE_COMPILATION_CONDITIONS = DEBUG;
				SWIFT_OPTIMIZATION_LEVEL = "-Onone";
			};
			name = Debug;
		};
		618207971F8446F000D2BA9C /* Release */ = {
			isa = XCBuildConfiguration;
			buildSettings = {
				ALWAYS_SEARCH_USER_PATHS = NO;
				CLANG_ANALYZER_LOCALIZABILITY_NONLOCALIZED = YES;
				CLANG_ANALYZER_NONNULL = YES;
				CLANG_ANALYZER_NUMBER_OBJECT_CONVERSION = YES_AGGRESSIVE;
				CLANG_CXX_LANGUAGE_STANDARD = "gnu++14";
				CLANG_CXX_LIBRARY = "libc++";
				CLANG_ENABLE_MODULES = YES;
				CLANG_ENABLE_OBJC_ARC = YES;
				CLANG_WARN_BLOCK_CAPTURE_AUTORELEASING = YES;
				CLANG_WARN_BOOL_CONVERSION = YES;
				CLANG_WARN_COMMA = YES;
				CLANG_WARN_CONSTANT_CONVERSION = YES;
				CLANG_WARN_DIRECT_OBJC_ISA_USAGE = YES_ERROR;
				CLANG_WARN_DOCUMENTATION_COMMENTS = YES;
				CLANG_WARN_EMPTY_BODY = YES;
				CLANG_WARN_ENUM_CONVERSION = YES;
				CLANG_WARN_INFINITE_RECURSION = YES;
				CLANG_WARN_INT_CONVERSION = YES;
				CLANG_WARN_NON_LITERAL_NULL_CONVERSION = YES;
				CLANG_WARN_OBJC_LITERAL_CONVERSION = YES;
				CLANG_WARN_OBJC_ROOT_CLASS = YES_ERROR;
				CLANG_WARN_RANGE_LOOP_ANALYSIS = YES;
				CLANG_WARN_STRICT_PROTOTYPES = YES;
				CLANG_WARN_SUSPICIOUS_MOVE = YES;
				CLANG_WARN_UNGUARDED_AVAILABILITY = YES_AGGRESSIVE;
				CLANG_WARN_UNREACHABLE_CODE = YES;
				CLANG_WARN__DUPLICATE_METHOD_MATCH = YES;
				CODE_SIGN_IDENTITY = "iPhone Developer";
				COPY_PHASE_STRIP = NO;
				DEBUG_INFORMATION_FORMAT = "dwarf-with-dsym";
				ENABLE_NS_ASSERTIONS = NO;
				ENABLE_STRICT_OBJC_MSGSEND = YES;
				GCC_C_LANGUAGE_STANDARD = gnu11;
				GCC_NO_COMMON_BLOCKS = YES;
				GCC_WARN_64_TO_32_BIT_CONVERSION = YES;
				GCC_WARN_ABOUT_RETURN_TYPE = YES_ERROR;
				GCC_WARN_UNDECLARED_SELECTOR = YES;
				GCC_WARN_UNINITIALIZED_AUTOS = YES_AGGRESSIVE;
				GCC_WARN_UNUSED_FUNCTION = YES;
				GCC_WARN_UNUSED_VARIABLE = YES;
				IPHONEOS_DEPLOYMENT_TARGET = 11.0;
				MTL_ENABLE_DEBUG_INFO = NO;
				SDKROOT = iphoneos;
				SWIFT_OPTIMIZATION_LEVEL = "-Owholemodule";
				VALIDATE_PRODUCT = YES;
			};
			name = Release;
		};
		618207991F8446F000D2BA9C /* Debug */ = {
			isa = XCBuildConfiguration;
			buildSettings = {
				ASSETCATALOG_COMPILER_APPICON_NAME = AppIcon;
				CODE_SIGN_STYLE = Automatic;
				DEVELOPMENT_TEAM = TFF2HTL4NS;
				INFOPLIST_FILE = Gramatica/Info.plist;
				IPHONEOS_DEPLOYMENT_TARGET = 11.0;
				LD_RUNPATH_SEARCH_PATHS = "$(inherited) @executable_path/Frameworks";
				PRODUCT_BUNDLE_IDENTIFIER = Talaiot.Gramatica;
				PRODUCT_NAME = "$(TARGET_NAME)";
				SWIFT_VERSION = 4.0;
				TARGETED_DEVICE_FAMILY = "1,2";
			};
			name = Debug;
		};
		6182079A1F8446F000D2BA9C /* Release */ = {
			isa = XCBuildConfiguration;
			buildSettings = {
				ASSETCATALOG_COMPILER_APPICON_NAME = AppIcon;
				CODE_SIGN_STYLE = Automatic;
				DEVELOPMENT_TEAM = TFF2HTL4NS;
				INFOPLIST_FILE = Gramatica/Info.plist;
				IPHONEOS_DEPLOYMENT_TARGET = 11.0;
				LD_RUNPATH_SEARCH_PATHS = "$(inherited) @executable_path/Frameworks";
				PRODUCT_BUNDLE_IDENTIFIER = Talaiot.Gramatica;
				PRODUCT_NAME = "$(TARGET_NAME)";
				SWIFT_VERSION = 4.0;
				TARGETED_DEVICE_FAMILY = "1,2";
			};
			name = Release;
		};
		6182079C1F8446F000D2BA9C /* Debug */ = {
			isa = XCBuildConfiguration;
			buildSettings = {
				ALWAYS_EMBED_SWIFT_STANDARD_LIBRARIES = YES;
				BUNDLE_LOADER = "$(TEST_HOST)";
				CODE_SIGN_STYLE = Automatic;
				DEVELOPMENT_TEAM = TFF2HTL4NS;
				INFOPLIST_FILE = GramaticaTests/Info.plist;
				LD_RUNPATH_SEARCH_PATHS = "$(inherited) @executable_path/Frameworks @loader_path/Frameworks";
				PRODUCT_BUNDLE_IDENTIFIER = Talaiot.GramaticaTests;
				PRODUCT_NAME = "$(TARGET_NAME)";
				SWIFT_VERSION = 4.0;
				TARGETED_DEVICE_FAMILY = "1,2";
				TEST_HOST = "$(BUILT_PRODUCTS_DIR)/Gramatica.app/Gramatica";
			};
			name = Debug;
		};
		6182079D1F8446F000D2BA9C /* Release */ = {
			isa = XCBuildConfiguration;
			buildSettings = {
				ALWAYS_EMBED_SWIFT_STANDARD_LIBRARIES = YES;
				BUNDLE_LOADER = "$(TEST_HOST)";
				CODE_SIGN_STYLE = Automatic;
				DEVELOPMENT_TEAM = TFF2HTL4NS;
				INFOPLIST_FILE = GramaticaTests/Info.plist;
				LD_RUNPATH_SEARCH_PATHS = "$(inherited) @executable_path/Frameworks @loader_path/Frameworks";
				PRODUCT_BUNDLE_IDENTIFIER = Talaiot.GramaticaTests;
				PRODUCT_NAME = "$(TARGET_NAME)";
				SWIFT_VERSION = 4.0;
				TARGETED_DEVICE_FAMILY = "1,2";
				TEST_HOST = "$(BUILT_PRODUCTS_DIR)/Gramatica.app/Gramatica";
			};
			name = Release;
		};
		6182079F1F8446F000D2BA9C /* Debug */ = {
			isa = XCBuildConfiguration;
			buildSettings = {
				ALWAYS_EMBED_SWIFT_STANDARD_LIBRARIES = YES;
				CODE_SIGN_STYLE = Automatic;
				DEVELOPMENT_TEAM = TFF2HTL4NS;
				INFOPLIST_FILE = GramaticaUITests/Info.plist;
				LD_RUNPATH_SEARCH_PATHS = "$(inherited) @executable_path/Frameworks @loader_path/Frameworks";
				PRODUCT_BUNDLE_IDENTIFIER = Talaiot.GramaticaUITests;
				PRODUCT_NAME = "$(TARGET_NAME)";
				SWIFT_VERSION = 4.0;
				TARGETED_DEVICE_FAMILY = "1,2";
				TEST_TARGET_NAME = Gramatica;
			};
			name = Debug;
		};
		618207A01F8446F000D2BA9C /* Release */ = {
			isa = XCBuildConfiguration;
			buildSettings = {
				ALWAYS_EMBED_SWIFT_STANDARD_LIBRARIES = YES;
				CODE_SIGN_STYLE = Automatic;
				DEVELOPMENT_TEAM = TFF2HTL4NS;
				INFOPLIST_FILE = GramaticaUITests/Info.plist;
				LD_RUNPATH_SEARCH_PATHS = "$(inherited) @executable_path/Frameworks @loader_path/Frameworks";
				PRODUCT_BUNDLE_IDENTIFIER = Talaiot.GramaticaUITests;
				PRODUCT_NAME = "$(TARGET_NAME)";
				SWIFT_VERSION = 4.0;
				TARGETED_DEVICE_FAMILY = "1,2";
				TEST_TARGET_NAME = Gramatica;
			};
			name = Release;
		};
/* End XCBuildConfiguration section */

/* Begin XCConfigurationList section */
		6182076B1F8446EF00D2BA9C /* Build configuration list for PBXProject "Gramatica" */ = {
			isa = XCConfigurationList;
			buildConfigurations = (
				618207961F8446F000D2BA9C /* Debug */,
				618207971F8446F000D2BA9C /* Release */,
			);
			defaultConfigurationIsVisible = 0;
			defaultConfigurationName = Release;
		};
		618207981F8446F000D2BA9C /* Build configuration list for PBXNativeTarget "Gramatica" */ = {
			isa = XCConfigurationList;
			buildConfigurations = (
				618207991F8446F000D2BA9C /* Debug */,
				6182079A1F8446F000D2BA9C /* Release */,
			);
			defaultConfigurationIsVisible = 0;
			defaultConfigurationName = Release;
		};
		6182079B1F8446F000D2BA9C /* Build configuration list for PBXNativeTarget "GramaticaTests" */ = {
			isa = XCConfigurationList;
			buildConfigurations = (
				6182079C1F8446F000D2BA9C /* Debug */,
				6182079D1F8446F000D2BA9C /* Release */,
			);
			defaultConfigurationIsVisible = 0;
			defaultConfigurationName = Release;
		};
		6182079E1F8446F000D2BA9C /* Build configuration list for PBXNativeTarget "GramaticaUITests" */ = {
			isa = XCConfigurationList;
			buildConfigurations = (
				6182079F1F8446F000D2BA9C /* Debug */,
				618207A01F8446F000D2BA9C /* Release */,
			);
			defaultConfigurationIsVisible = 0;
			defaultConfigurationName = Release;
		};
/* End XCConfigurationList section */

/* Begin XCVersionGroup section */
		61EF76321F8D65610069EDF5 /* Gramatic.xcdatamodeld */ = {
			isa = XCVersionGroup;
			children = (
				61EF76331F8D65610069EDF5 /* Gramatic.xcdatamodel */,
			);
			currentVersion = 61EF76331F8D65610069EDF5 /* Gramatic.xcdatamodel */;
			path = Gramatic.xcdatamodeld;
			sourceTree = "<group>";
			versionGroupType = wrapper.xcdatamodel;
		};
/* End XCVersionGroup section */
	};
	rootObject = 618207681F8446EF00D2BA9C /* Project object */;
}
